
Microsoft Visual Studio Solution File, Format Version 10.00
# Visual Studio 2008
Project("{8BC9CEB8-8B4A-11D0-8D11-00A0C91BC942}") = "fixed_point", "unit_tests.vcproj", "{60041EF4-1C1E-447A-97D4-3CEA699492EB}"
EndProject
Global
	GlobalSection(SolutionConfigurationPlatforms) = preSolution
		Debug|Win32 = Debug|Win32
		Release|Win32 = Release|Win32
	EndGlobalSection
	GlobalSection(ProjectConfigurationPlatforms) = postSolution
		{60041EF4-1C1E-447A-97D4-3CEA699492EB}.Debug|Win32.ActiveCfg = Debug|Win32
		{60041EF4-1C1E-447A-97D4-3CEA699492EB}.Debug|Win32.Build.0 = Debug|Win32
		{60041EF4-1C1E-447A-97D4-3CEA699492EB}.Release|Win32.ActiveCfg = Release|Win32
		{60041EF4-1C1E-447A-97D4-3CEA699492EB}.Release|Win32.Build.0 = Release|Win32
	EndGlobalSection
	GlobalSection(SolutionProperties) = preSolution
		HideSolutionNode = FALSE
	EndGlobalSection
EndGlobal
